
Microsoft Visual Studio Solution File, Format Version 12.00
# Visual Studio Version 16
VisualStudioVersion = 16.0.29806.167
MinimumVisualStudioVersion = 10.0.40219.1
Project("{8BC9CEB8-8B4A-11D0-8D11-00A0C91BC942}") = "Baekjoon_2231", "Baekjoon_2231\Baekjoon_2231.vcxproj", "{AFD10795-BF27-4005-A7E6-CC4A41A99128}"
EndProject
Global
	GlobalSection(SolutionConfigurationPlatforms) = preSolution
		Debug|x64 = Debug|x64
		Debug|x86 = Debug|x86
		Release|x64 = Release|x64
		Release|x86 = Release|x86
	EndGlobalSection
	GlobalSection(ProjectConfigurationPlatforms) = postSolution
		{AFD10795-BF27-4005-A7E6-CC4A41A99128}.Debug|x64.ActiveCfg = Debug|x64
		{AFD10795-BF27-4005-A7E6-CC4A41A99128}.Debug|x64.Build.0 = Debug|x64
		{AFD10795-BF27-4005-A7E6-CC4A41A99128}.Debug|x86.ActiveCfg = Debug|Win32
		{AFD10795-BF27-4005-A7E6-CC4A41A99128}.Debug|x86.Build.0 = Debug|Win32
		{AFD10795-BF27-4005-A7E6-CC4A41A99128}.Release|x64.ActiveCfg = Release|x64
		{AFD10795-BF27-4005-A7E6-CC4A41A99128}.Release|x64.Build.0 = Release|x64
		{AFD10795-BF27-4005-A7E6-CC4A41A99128}.Release|x86.ActiveCfg = Release|Win32
		{AFD10795-BF27-4005-A7E6-CC4A41A99128}.Release|x86.Build.0 = Release|Win32
	EndGlobalSection
	GlobalSection(SolutionProperties) = preSolution
		HideSolutionNode = FALSE
	EndGlobalSection
	GlobalSection(ExtensibilityGlobals) = postSolution
		SolutionGuid = {C29F97A0-2DDD-4A8C-A6EE-02FE0724E269}
	EndGlobalSection
EndGlobal
